
Microsoft Visual Studio Solution File, Format Version 12.00
# Visual Studio Version 16
VisualStudioVersion = 16.0.32228.343
MinimumVisualStudioVersion = 10.0.40219.1
Project("{FAE04EC0-301F-11D3-BF4B-00C04F79EFBC}") = "Yeniden", "Yeniden\Yeniden.csproj", "{94E3CEF2-F8B7-4456-A7E7-8FA69EAB9E38}"
EndProject
Global
	GlobalSection(SolutionConfigurationPlatforms) = preSolution
		Debug|Any CPU = Debug|Any CPU
		Release|Any CPU = Release|Any CPU
	EndGlobalSection
	GlobalSection(ProjectConfigurationPlatforms) = postSolution
		{94E3CEF2-F8B7-4456-A7E7-8FA69EAB9E38}.Debug|Any CPU.ActiveCfg = Debug|Any CPU
		{94E3CEF2-F8B7-4456-A7E7-8FA69EAB9E38}.Debug|Any CPU.Build.0 = Debug|Any CPU
		{94E3CEF2-F8B7-4456-A7E7-8FA69EAB9E38}.Release|Any CPU.ActiveCfg = Release|Any CPU
		{94E3CEF2-F8B7-4456-A7E7-8FA69EAB9E38}.Release|Any CPU.Build.0 = Release|Any CPU
	EndGlobalSection
	GlobalSection(SolutionProperties) = preSolution
		HideSolutionNode = FALSE
	EndGlobalSection
	GlobalSection(ExtensibilityGlobals) = postSolution
		SolutionGuid = {E01DDF11-65C4-4D26-B8A2-54309362F9B7}
	EndGlobalSection
EndGlobal
